{
  "lockfileVersion": 2,
  "configVersion": 1,
  "workspaces": {
    "": {
      "name": "ziwei-desktop",
      "dependencies": {
        "@tauri-apps/api": "^2",
      },
      "devDependencies": {
        "@tauri-apps/cli": "^2",
      },
    },
  },
  "packages": {
    "@tauri-apps/api": ["@tauri-apps/api@2.11.1", "", {}, "sha512-M2FPuYND2m+wh5hfW9ZpSdxMPdEJovPBWwoHJmwUpysTYNHaOkVFN419m/K0LIgjb/7KU2vBgsUepJWugQCvAA=="],

    "@tauri-apps/cli": ["@tauri-apps/cli@2.11.4", "", { "optionalDependencies": { "@tauri-apps/cli-darwin-arm64": "2.11.4", "@tauri-apps/cli-darwin-x64": "2.11.4", "@tauri-apps/cli-linux-arm-gnueabihf": "2.11.4", "@tauri-apps/cli-linux-arm64-gnu": "2.11.4", "@tauri-apps/cli-linux-arm64-musl": "2.11.4", "@tauri-apps/cli-linux-riscv64-gnu": "2.11.4", "@tauri-apps/cli-linux-x64-gnu": "2.11.4", "@tauri-apps/cli-linux-x64-musl": "2.11.4", "@tauri-apps/cli-win32-arm64-msvc": "2.11.4", "@tauri-apps/cli-win32-ia32-msvc": "2.11.4", "@tauri-apps/cli-win32-x64-msvc": "2.11.4" }, "bin": { "tauri": "tauri.js" } }, "sha512-R8xGtMpwyetawSqm9kYOuMmEqkhUbvcUy8n0aNXIxollKBLESUu5f4Fx+64hgASYm1H+jSWq6jCW6zqTnH6hqQ=="],

    "@tauri-apps/cli-darwin-arm64": ["@tauri-apps/cli-darwin-arm64@2.11.4", "", { "os": "darwin", "cpu": "arm64" }, "sha512-1ryOF3ZhpZ/nemHV5zVwBQBz9jDGKmKPvWPADOhc83ig0P4bMc2iER4NbC6r9sjeIZ6RVQ4g3RZIYvezhcl4TQ=="],

    "@tauri-apps/cli-darwin-x64": ["@tauri-apps/cli-darwin-x64@2.11.4", "", { "os": "darwin", "cpu": "x64" }, "sha512-uFsGQAAfuyz1k/yGLmkWfkBlgKAqZfxqlHmLWx81QU27RJWfmbNHCIq8T8w1e+VClleIuZUjpHWfoE4E3DLo3A=="],

    "@tauri-apps/cli-linux-arm-gnueabihf": ["@tauri-apps/cli-linux-arm-gnueabihf@2.11.4", "", { "os": "linux", "cpu": "arm" }, "sha512-IaHZn5CdBL21oUmjiVOS1ctw6Ip1O0pjp70FwOWmYz1myWe0SY96ZIj2FYf7pT0m8bI2h/hrs5ZbEXXh44/MkQ=="],

    "@tauri-apps/cli-linux-arm64-gnu": ["@tauri-apps/cli-linux-arm64-gnu@2.11.4", "", { "os": "linux", "cpu": "arm64" }, "sha512-N41/ukTRVe6XSuUTESuFdGeOW2i7k62tK+6gHK5Kd5/q5RPvvi19GaWAVPPb9u95HSGmTChSolBfzynUsssFaA=="],

    "@tauri-apps/cli-linux-arm64-musl": ["@tauri-apps/cli-linux-arm64-musl@2.11.4", "", { "os": "linux", "cpu": "arm64" }, "sha512-v277UnT/fB64xAfSroL5N3Km3tLmvATWqJJw/wRI+g6o+HkeD0slyE7gOhNs1MbjE41R7bQOTxMVoL3aomUJmw=="],

    "@tauri-apps/cli-linux-riscv64-gnu": ["@tauri-apps/cli-linux-riscv64-gnu@2.11.4", "", { "os": "linux", "cpu": "none" }, "sha512-qqgNkQ2u1yZHxjhxsZaxUtRDW8dIqIYm33rx/mzwQv0SfY9x1B+iraj8vWeFiXjjSVVhEMepXSOts1TqPzvXNQ=="],

    "@tauri-apps/cli-linux-x64-gnu": ["@tauri-apps/cli-linux-x64-gnu@2.11.4", "", { "os": "linux", "cpu": "x64" }, "sha512-2VRNWl84FOH0m2giiDkO2h0QXlcMJeX+zJDpI5kDIQAx6s+geF3v48F4DXfJez4GS/FdoDGnPnw1C2iYGbQ7bQ=="],

    "@tauri-apps/cli-linux-x64-musl": ["@tauri-apps/cli-linux-x64-musl@2.11.4", "", { "os": "linux", "cpu": "x64" }, "sha512-o9GyhYor/nc7xarmwDE3ka2szuW3uuZzXjHWh64Q8YX5AtSgxdQkFWzrY4O8KiGtVNvFBI14H3Q49Qj5TOIP/A=="],

    "@tauri-apps/cli-win32-arm64-msvc": ["@tauri-apps/cli-win32-arm64-msvc@2.11.4", "", { "os": "win32", "cpu": "arm64" }, "sha512-ld5Ehb598m0VkYyylRPNeCFsBe/km0jxis6KgMpl3IGY6I/i1RwQXO05I1AsXUXO2WC6AvB/Lw4qTf/asiuEiQ=="],

    "@tauri-apps/cli-win32-ia32-msvc": ["@tauri-apps/cli-win32-ia32-msvc@2.11.4", "", { "os": "win32", "cpu": "ia32" }, "sha512-12Hxi0XX/H5VFxO/bGgHkFWhml9VMgEOu9CidjeCeTNQ1l6fpUlbiGgSP7CLI3PFtW9/FfbeHieZ+kyWK5H7CA=="],

    "@tauri-apps/cli-win32-x64-msvc": ["@tauri-apps/cli-win32-x64-msvc@2.11.4", "", { "os": "win32", "cpu": "x64" }, "sha512-+vDiqBIU5dMISg/wNvX3sF+ZHfgJGJ5T0AcO+EHNXV9GGAG+P5fzodlDXD3QdKCRgZxMoCm5PPvj3BqLNjBthw=="],
  }
}
